
Microsoft Visual Studio Solution File, Format Version 12.00
# Visual Studio Version 18
VisualStudioVersion = 18.5.11716.220
MinimumVisualStudioVersion = 10.0.40219.1
Project("{FAE04EC0-301F-11D3-BF4B-00C04F79EFBC}") = "Playground.FrontEnd", "Playground.FrontEnd.csproj", "{EF6D6223-D14A-47E6-02C5-7A34B3550DB2}"
EndProject
Global
	GlobalSection(SolutionConfigurationPlatforms) = preSolution
		Debug|Any CPU = Debug|Any CPU
		Release|Any CPU = Release|Any CPU
	EndGlobalSection
	GlobalSection(ProjectConfigurationPlatforms) = postSolution
		{EF6D6223-D14A-47E6-02C5-7A34B3550DB2}.Debug|Any CPU.ActiveCfg = Debug|Any CPU
		{EF6D6223-D14A-47E6-02C5-7A34B3550DB2}.Debug|Any CPU.Build.0 = Debug|Any CPU
		{EF6D6223-D14A-47E6-02C5-7A34B3550DB2}.Release|Any CPU.ActiveCfg = Release|Any CPU
		{EF6D6223-D14A-47E6-02C5-7A34B3550DB2}.Release|Any CPU.Build.0 = Release|Any CPU
	EndGlobalSection
	GlobalSection(SolutionProperties) = preSolution
		HideSolutionNode = FALSE
	EndGlobalSection
	GlobalSection(ExtensibilityGlobals) = postSolution
		SolutionGuid = {2D5F0C00-020E-457F-B794-0D43A110D87E}
	EndGlobalSection
EndGlobal
