
Microsoft Visual Studio Solution File, Format Version 12.00
# Visual Studio Version 18
VisualStudioVersion = 18.1.11304.174
MinimumVisualStudioVersion = 10.0.40219.1
Project("{2150E333-8FDC-42A3-9474-1A3956D46DE8}") = "Data", "Data", "{015FE221-96B2-289B-A0E8-6E7354784A75}"
EndProject
Project("{FAE04EC0-301F-11D3-BF4B-00C04F79EFBC}") = "Playground.Data", "Data\Playground.Data.csproj", "{A5CF4695-552F-410B-B1CC-7D0AFBF3C465}"
EndProject
Project("{2150E333-8FDC-42A3-9474-1A3956D46DE8}") = "FrontEnd", "FrontEnd", "{CE609670-85B9-0D16-FB54-ED063D5D8A6D}"
EndProject
Project("{FAE04EC0-301F-11D3-BF4B-00C04F79EFBC}") = "Playground.FrontEnd", "FrontEnd\Playground.FrontEnd.csproj", "{DE5FB8F3-E794-4565-B849-104582221576}"
EndProject
Project("{2150E333-8FDC-42A3-9474-1A3956D46DE8}") = "BackEnd", "BackEnd", "{1AE8ACA6-933B-BF2A-3671-3E2EAC007D16}"
EndProject
Project("{FAE04EC0-301F-11D3-BF4B-00C04F79EFBC}") = "Playground.BackEnd", "BackEnd\Playground.BackEnd.csproj", "{36A8CCCF-9868-4742-A1C2-BE825482D907}"
EndProject
Project("{2150E333-8FDC-42A3-9474-1A3956D46DE8}") = "Lib", "Lib", "{3A8DF596-E814-FECC-DD4B-D8EF8AAC1A0D}"
EndProject
Project("{FAE04EC0-301F-11D3-BF4B-00C04F79EFBC}") = "Playground.Lib", "Lib\Playground.Lib.csproj", "{BB215E97-A909-4E6E-BC0F-4678DC824639}"
EndProject
Project("{2150E333-8FDC-42A3-9474-1A3956D46DE8}") = "Services", "Services", "{5854FF58-B8C5-05C6-5BF2-ACE42193F22B}"
EndProject
Project("{FAE04EC0-301F-11D3-BF4B-00C04F79EFBC}") = "Playground.Services", "Services\Playground.Services.csproj", "{BD938D39-BC72-43B3-A4B3-73DB2E9A5CD8}"
EndProject
Global
	GlobalSection(SolutionConfigurationPlatforms) = preSolution
		Debug|Any CPU = Debug|Any CPU
		Debug|x64 = Debug|x64
		Debug|x86 = Debug|x86
		Release|Any CPU = Release|Any CPU
		Release|x64 = Release|x64
		Release|x86 = Release|x86
	EndGlobalSection
	GlobalSection(ProjectConfigurationPlatforms) = postSolution
		{A5CF4695-552F-410B-B1CC-7D0AFBF3C465}.Debug|Any CPU.ActiveCfg = Debug|Any CPU
		{A5CF4695-552F-410B-B1CC-7D0AFBF3C465}.Debug|Any CPU.Build.0 = Debug|Any CPU
		{A5CF4695-552F-410B-B1CC-7D0AFBF3C465}.Debug|x64.ActiveCfg = Debug|Any CPU
		{A5CF4695-552F-410B-B1CC-7D0AFBF3C465}.Debug|x64.Build.0 = Debug|Any CPU
		{A5CF4695-552F-410B-B1CC-7D0AFBF3C465}.Debug|x86.ActiveCfg = Debug|Any CPU
		{A5CF4695-552F-410B-B1CC-7D0AFBF3C465}.Debug|x86.Build.0 = Debug|Any CPU
		{A5CF4695-552F-410B-B1CC-7D0AFBF3C465}.Release|Any CPU.ActiveCfg = Release|Any CPU
		{A5CF4695-552F-410B-B1CC-7D0AFBF3C465}.Release|Any CPU.Build.0 = Release|Any CPU
		{A5CF4695-552F-410B-B1CC-7D0AFBF3C465}.Release|x64.ActiveCfg = Release|Any CPU
		{A5CF4695-552F-410B-B1CC-7D0AFBF3C465}.Release|x64.Build.0 = Release|Any CPU
		{A5CF4695-552F-410B-B1CC-7D0AFBF3C465}.Release|x86.ActiveCfg = Release|Any CPU
		{A5CF4695-552F-410B-B1CC-7D0AFBF3C465}.Release|x86.Build.0 = Release|Any CPU
		{DE5FB8F3-E794-4565-B849-104582221576}.Debug|Any CPU.ActiveCfg = Debug|Any CPU
		{DE5FB8F3-E794-4565-B849-104582221576}.Debug|Any CPU.Build.0 = Debug|Any CPU
		{DE5FB8F3-E794-4565-B849-104582221576}.Debug|x64.ActiveCfg = Debug|Any CPU
		{DE5FB8F3-E794-4565-B849-104582221576}.Debug|x64.Build.0 = Debug|Any CPU
		{DE5FB8F3-E794-4565-B849-104582221576}.Debug|x86.ActiveCfg = Debug|Any CPU
		{DE5FB8F3-E794-4565-B849-104582221576}.Debug|x86.Build.0 = Debug|Any CPU
		{DE5FB8F3-E794-4565-B849-104582221576}.Release|Any CPU.ActiveCfg = Release|Any CPU
		{DE5FB8F3-E794-4565-B849-104582221576}.Release|Any CPU.Build.0 = Release|Any CPU
		{DE5FB8F3-E794-4565-B849-104582221576}.Release|x64.ActiveCfg = Release|Any CPU
		{DE5FB8F3-E794-4565-B849-104582221576}.Release|x64.Build.0 = Release|Any CPU
		{DE5FB8F3-E794-4565-B849-104582221576}.Release|x86.ActiveCfg = Release|Any CPU
		{DE5FB8F3-E794-4565-B849-104582221576}.Release|x86.Build.0 = Release|Any CPU
		{36A8CCCF-9868-4742-A1C2-BE825482D907}.Debug|Any CPU.ActiveCfg = Debug|Any CPU
		{36A8CCCF-9868-4742-A1C2-BE825482D907}.Debug|Any CPU.Build.0 = Debug|Any CPU
		{36A8CCCF-9868-4742-A1C2-BE825482D907}.Debug|x64.ActiveCfg = Debug|Any CPU
		{36A8CCCF-9868-4742-A1C2-BE825482D907}.Debug|x64.Build.0 = Debug|Any CPU
		{36A8CCCF-9868-4742-A1C2-BE825482D907}.Debug|x86.ActiveCfg = Debug|Any CPU
		{36A8CCCF-9868-4742-A1C2-BE825482D907}.Debug|x86.Build.0 = Debug|Any CPU
		{36A8CCCF-9868-4742-A1C2-BE825482D907}.Release|Any CPU.ActiveCfg = Release|Any CPU
		{36A8CCCF-9868-4742-A1C2-BE825482D907}.Release|Any CPU.Build.0 = Release|Any CPU
		{36A8CCCF-9868-4742-A1C2-BE825482D907}.Release|x64.ActiveCfg = Release|Any CPU
		{36A8CCCF-9868-4742-A1C2-BE825482D907}.Release|x64.Build.0 = Release|Any CPU
		{36A8CCCF-9868-4742-A1C2-BE825482D907}.Release|x86.ActiveCfg = Release|Any CPU
		{36A8CCCF-9868-4742-A1C2-BE825482D907}.Release|x86.Build.0 = Release|Any CPU
		{BB215E97-A909-4E6E-BC0F-4678DC824639}.Debug|Any CPU.ActiveCfg = Debug|Any CPU
		{BB215E97-A909-4E6E-BC0F-4678DC824639}.Debug|Any CPU.Build.0 = Debug|Any CPU
		{BB215E97-A909-4E6E-BC0F-4678DC824639}.Debug|x64.ActiveCfg = Debug|Any CPU
		{BB215E97-A909-4E6E-BC0F-4678DC824639}.Debug|x64.Build.0 = Debug|Any CPU
		{BB215E97-A909-4E6E-BC0F-4678DC824639}.Debug|x86.ActiveCfg = Debug|Any CPU
		{BB215E97-A909-4E6E-BC0F-4678DC824639}.Debug|x86.Build.0 = Debug|Any CPU
		{BB215E97-A909-4E6E-BC0F-4678DC824639}.Release|Any CPU.ActiveCfg = Release|Any CPU
		{BB215E97-A909-4E6E-BC0F-4678DC824639}.Release|Any CPU.Build.0 = Release|Any CPU
		{BB215E97-A909-4E6E-BC0F-4678DC824639}.Release|x64.ActiveCfg = Release|Any CPU
		{BB215E97-A909-4E6E-BC0F-4678DC824639}.Release|x64.Build.0 = Release|Any CPU
		{BB215E97-A909-4E6E-BC0F-4678DC824639}.Release|x86.ActiveCfg = Release|Any CPU
		{BB215E97-A909-4E6E-BC0F-4678DC824639}.Release|x86.Build.0 = Release|Any CPU
		{BD938D39-BC72-43B3-A4B3-73DB2E9A5CD8}.Debug|Any CPU.ActiveCfg = Debug|Any CPU
		{BD938D39-BC72-43B3-A4B3-73DB2E9A5CD8}.Debug|Any CPU.Build.0 = Debug|Any CPU
		{BD938D39-BC72-43B3-A4B3-73DB2E9A5CD8}.Debug|x64.ActiveCfg = Debug|Any CPU
		{BD938D39-BC72-43B3-A4B3-73DB2E9A5CD8}.Debug|x64.Build.0 = Debug|Any CPU
		{BD938D39-BC72-43B3-A4B3-73DB2E9A5CD8}.Debug|x86.ActiveCfg = Debug|Any CPU
		{BD938D39-BC72-43B3-A4B3-73DB2E9A5CD8}.Debug|x86.Build.0 = Debug|Any CPU
		{BD938D39-BC72-43B3-A4B3-73DB2E9A5CD8}.Release|Any CPU.ActiveCfg = Release|Any CPU
		{BD938D39-BC72-43B3-A4B3-73DB2E9A5CD8}.Release|Any CPU.Build.0 = Release|Any CPU
		{BD938D39-BC72-43B3-A4B3-73DB2E9A5CD8}.Release|x64.ActiveCfg = Release|Any CPU
		{BD938D39-BC72-43B3-A4B3-73DB2E9A5CD8}.Release|x64.Build.0 = Release|Any CPU
		{BD938D39-BC72-43B3-A4B3-73DB2E9A5CD8}.Release|x86.ActiveCfg = Release|Any CPU
		{BD938D39-BC72-43B3-A4B3-73DB2E9A5CD8}.Release|x86.Build.0 = Release|Any CPU
	EndGlobalSection
	GlobalSection(SolutionProperties) = preSolution
		HideSolutionNode = FALSE
	EndGlobalSection
	GlobalSection(NestedProjects) = preSolution
		{A5CF4695-552F-410B-B1CC-7D0AFBF3C465} = {015FE221-96B2-289B-A0E8-6E7354784A75}
		{DE5FB8F3-E794-4565-B849-104582221576} = {CE609670-85B9-0D16-FB54-ED063D5D8A6D}
		{36A8CCCF-9868-4742-A1C2-BE825482D907} = {1AE8ACA6-933B-BF2A-3671-3E2EAC007D16}
		{BB215E97-A909-4E6E-BC0F-4678DC824639} = {3A8DF596-E814-FECC-DD4B-D8EF8AAC1A0D}
		{BD938D39-BC72-43B3-A4B3-73DB2E9A5CD8} = {5854FF58-B8C5-05C6-5BF2-ACE42193F22B}
	EndGlobalSection
	GlobalSection(ExtensibilityGlobals) = postSolution
		SolutionGuid = {C5B98537-74EE-42DC-819C-870F3A772EB0}
	EndGlobalSection
EndGlobal
